
Microsoft Visual Studio Solution File, Format Version 12.00
# Visual Studio 14
VisualStudioVersion = 14.0.25420.1
MinimumVisualStudioVersion = 10.0.40219.1
Project("{8BC9CEB8-8B4A-11D0-8D11-00A0C91BC942}") = "Car", "Car\Car.vcxproj", "{34253538-3EEF-4FBD-B3B9-50335DF48108}"
EndProject
Project("{2150E333-8FDC-42A3-9474-1A3956D46DE8}") = "Lab3", "Lab3", "{F5DEAE6E-135E-48EF-A32F-BF876046402E}"
EndProject
Project("{8BC9CEB8-8B4A-11D0-8D11-00A0C91BC942}") = "CarTest", "CarTest\CarTest.vcxproj", "{E72BEED3-E2E3-48E3-81BB-0DD5F57497FB}"
EndProject
Project("{2150E333-8FDC-42A3-9474-1A3956D46DE8}") = "Lab5", "Lab5", "{8E37D252-997E-48CC-8EC3-BD2118191B87}"
EndProject
Project("{8BC9CEB8-8B4A-11D0-8D11-00A0C91BC942}") = "Rational", "lab5\main\main.vcxproj", "{DA803E57-94EB-46C7-9536-2802383FF4D7}"
EndProject
Global
	GlobalSection(SolutionConfigurationPlatforms) = preSolution
		Debug|x64 = Debug|x64
		Debug|x86 = Debug|x86
		Release|x64 = Release|x64
		Release|x86 = Release|x86
	EndGlobalSection
	GlobalSection(ProjectConfigurationPlatforms) = postSolution
		{34253538-3EEF-4FBD-B3B9-50335DF48108}.Debug|x64.ActiveCfg = Debug|x64
		{34253538-3EEF-4FBD-B3B9-50335DF48108}.Debug|x64.Build.0 = Debug|x64
		{34253538-3EEF-4FBD-B3B9-50335DF48108}.Debug|x86.ActiveCfg = Debug|Win32
		{34253538-3EEF-4FBD-B3B9-50335DF48108}.Debug|x86.Build.0 = Debug|Win32
		{34253538-3EEF-4FBD-B3B9-50335DF48108}.Release|x64.ActiveCfg = Release|x64
		{34253538-3EEF-4FBD-B3B9-50335DF48108}.Release|x64.Build.0 = Release|x64
		{34253538-3EEF-4FBD-B3B9-50335DF48108}.Release|x86.ActiveCfg = Release|Win32
		{34253538-3EEF-4FBD-B3B9-50335DF48108}.Release|x86.Build.0 = Release|Win32
		{E72BEED3-E2E3-48E3-81BB-0DD5F57497FB}.Debug|x64.ActiveCfg = Debug|x64
		{E72BEED3-E2E3-48E3-81BB-0DD5F57497FB}.Debug|x64.Build.0 = Debug|x64
		{E72BEED3-E2E3-48E3-81BB-0DD5F57497FB}.Debug|x86.ActiveCfg = Debug|Win32
		{E72BEED3-E2E3-48E3-81BB-0DD5F57497FB}.Debug|x86.Build.0 = Debug|Win32
		{E72BEED3-E2E3-48E3-81BB-0DD5F57497FB}.Release|x64.ActiveCfg = Release|x64
		{E72BEED3-E2E3-48E3-81BB-0DD5F57497FB}.Release|x64.Build.0 = Release|x64
		{E72BEED3-E2E3-48E3-81BB-0DD5F57497FB}.Release|x86.ActiveCfg = Release|Win32
		{E72BEED3-E2E3-48E3-81BB-0DD5F57497FB}.Release|x86.Build.0 = Release|Win32
		{DA803E57-94EB-46C7-9536-2802383FF4D7}.Debug|x64.ActiveCfg = Debug|x64
		{DA803E57-94EB-46C7-9536-2802383FF4D7}.Debug|x64.Build.0 = Debug|x64
		{DA803E57-94EB-46C7-9536-2802383FF4D7}.Debug|x86.ActiveCfg = Debug|Win32
		{DA803E57-94EB-46C7-9536-2802383FF4D7}.Debug|x86.Build.0 = Debug|Win32
		{DA803E57-94EB-46C7-9536-2802383FF4D7}.Release|x64.ActiveCfg = Release|x64
		{DA803E57-94EB-46C7-9536-2802383FF4D7}.Release|x64.Build.0 = Release|x64
		{DA803E57-94EB-46C7-9536-2802383FF4D7}.Release|x86.ActiveCfg = Release|Win32
		{DA803E57-94EB-46C7-9536-2802383FF4D7}.Release|x86.Build.0 = Release|Win32
	EndGlobalSection
	GlobalSection(SolutionProperties) = preSolution
		HideSolutionNode = FALSE
	EndGlobalSection
	GlobalSection(NestedProjects) = preSolution
		{34253538-3EEF-4FBD-B3B9-50335DF48108} = {F5DEAE6E-135E-48EF-A32F-BF876046402E}
		{E72BEED3-E2E3-48E3-81BB-0DD5F57497FB} = {F5DEAE6E-135E-48EF-A32F-BF876046402E}
		{DA803E57-94EB-46C7-9536-2802383FF4D7} = {8E37D252-997E-48CC-8EC3-BD2118191B87}
	EndGlobalSection
EndGlobal
